
Microsoft Visual Studio Solution File, Format Version 12.00
# Visual Studio Version 17
VisualStudioVersion = 17.13.35806.99 d17.13
MinimumVisualStudioVersion = 10.0.40219.1
Project("{FAE04EC0-301F-11D3-BF4B-00C04F79EFBC}") = "SAV_Kursovaya_1", "SAV_Kursovaya_1\SAV_Kursovaya_1.csproj", "{AEDC8F1C-D818-4E7D-9549-B09696166157}"
EndProject
Global
	GlobalSection(SolutionConfigurationPlatforms) = preSolution
		Debug|Any CPU = Debug|Any CPU
		Release|Any CPU = Release|Any CPU
	EndGlobalSection
	GlobalSection(ProjectConfigurationPlatforms) = postSolution
		{AEDC8F1C-D818-4E7D-9549-B09696166157}.Debug|Any CPU.ActiveCfg = Debug|Any CPU
		{AEDC8F1C-D818-4E7D-9549-B09696166157}.Debug|Any CPU.Build.0 = Debug|Any CPU
		{AEDC8F1C-D818-4E7D-9549-B09696166157}.Release|Any CPU.ActiveCfg = Release|Any CPU
		{AEDC8F1C-D818-4E7D-9549-B09696166157}.Release|Any CPU.Build.0 = Release|Any CPU
	EndGlobalSection
	GlobalSection(SolutionProperties) = preSolution
		HideSolutionNode = FALSE
	EndGlobalSection
	GlobalSection(ExtensibilityGlobals) = postSolution
		SolutionGuid = {E71A8BDA-F4BB-47C9-9529-A243A595AD58}
	EndGlobalSection
EndGlobal
